{
  "name": "close-your-issues",
  "version": "0.0.1",
  "dependencies": {
    "axios": {
      "version": "0.5.4",
      "from": "https://registry.npmjs.org/axios/-/axios-0.5.4.tgz",
      "resolved": "https://registry.npmjs.org/axios/-/axios-0.5.4.tgz",
      "dependencies": {
        "es6-promise": {
          "version": "2.1.0",
          "from": "https://registry.npmjs.org/es6-promise/-/es6-promise-2.1.0.tgz",
          "resolved": "https://registry.npmjs.org/es6-promise/-/es6-promise-2.1.0.tgz"
        }
      }
    },
    "babel-runtime": {
      "version": "5.1.11",
      "from": "https://registry.npmjs.org/babel-runtime/-/babel-runtime-5.1.11.tgz",
      "resolved": "https://registry.npmjs.org/babel-runtime/-/babel-runtime-5.1.11.tgz"
    },
    "bootstrap": {
      "version": "3.3.4",
      "from": "bootstrap@*",
      "resolved": "https://registry.npmjs.org/bootstrap/-/bootstrap-3.3.4.tgz"
    },
    "core-js": {
      "version": "0.8.4",
      "from": "https://registry.npmjs.org/core-js/-/core-js-0.8.4.tgz",
      "resolved": "https://registry.npmjs.org/core-js/-/core-js-0.8.4.tgz"
    },
    "file-loader": {
      "version": "0.8.1",
      "from": "https://registry.npmjs.org/file-loader/-/file-loader-0.8.1.tgz",
      "resolved": "https://registry.npmjs.org/file-loader/-/file-loader-0.8.1.tgz",
      "dependencies": {
        "loader-utils": {
          "version": "0.2.6",
          "from": "https://registry.npmjs.org/loader-utils/-/loader-utils-0.2.6.tgz",
          "resolved": "https://registry.npmjs.org/loader-utils/-/loader-utils-0.2.6.tgz",
          "dependencies": {
            "json5": {
              "version": "0.1.0",
              "from": "https://registry.npmjs.org/json5/-/json5-0.1.0.tgz",
              "resolved": "https://registry.npmjs.org/json5/-/json5-0.1.0.tgz"
            },
            "big.js": {
              "version": "2.5.1",
              "from": "https://registry.npmjs.org/big.js/-/big.js-2.5.1.tgz",
              "resolved": "https://registry.npmjs.org/big.js/-/big.js-2.5.1.tgz"
            }
          }
        }
      }
    },
    "flummox": {
      "version": "3.5.2",
      "from": "https://registry.npmjs.org/flummox/-/flummox-3.5.2.tgz",
      "resolved": "https://registry.npmjs.org/flummox/-/flummox-3.5.2.tgz",
      "dependencies": {
        "eventemitter3": {
          "version": "0.1.6",
          "from": "https://registry.npmjs.org/eventemitter3/-/eventemitter3-0.1.6.tgz",
          "resolved": "https://registry.npmjs.org/eventemitter3/-/eventemitter3-0.1.6.tgz"
        },
        "flux": {
          "version": "2.0.1",
          "from": "https://registry.npmjs.org/flux/-/flux-2.0.1.tgz",
          "resolved": "https://registry.npmjs.org/flux/-/flux-2.0.1.tgz"
        },
        "object-assign": {
          "version": "2.0.0",
          "from": "https://registry.npmjs.org/object-assign/-/object-assign-2.0.0.tgz",
          "resolved": "https://registry.npmjs.org/object-assign/-/object-assign-2.0.0.tgz"
        },
        "uniqueid": {
          "version": "0.1.0",
          "from": "https://registry.npmjs.org/uniqueid/-/uniqueid-0.1.0.tgz",
          "resolved": "https://registry.npmjs.org/uniqueid/-/uniqueid-0.1.0.tgz"
        }
      }
    },
    "font-awesome": {
      "version": "4.3.0",
      "from": "font-awesome@*",
      "resolved": "https://registry.npmjs.org/font-awesome/-/font-awesome-4.3.0.tgz"
    },
    "immutable": {
      "version": "3.7.2",
      "from": "https://registry.npmjs.org/immutable/-/immutable-3.7.2.tgz",
      "resolved": "https://registry.npmjs.org/immutable/-/immutable-3.7.2.tgz"
    },
    "react": {
      "version": "0.13.2",
      "from": "https://registry.npmjs.org/react/-/react-0.13.2.tgz",
      "resolved": "https://registry.npmjs.org/react/-/react-0.13.2.tgz",
      "dependencies": {
        "envify": {
          "version": "3.4.0",
          "from": "https://registry.npmjs.org/envify/-/envify-3.4.0.tgz",
          "resolved": "https://registry.npmjs.org/envify/-/envify-3.4.0.tgz",
          "dependencies": {
            "through": {
              "version": "2.3.7",
              "from": "https://registry.npmjs.org/through/-/through-2.3.7.tgz",
              "resolved": "https://registry.npmjs.org/through/-/through-2.3.7.tgz"
            },
            "jstransform": {
              "version": "10.1.0",
              "from": "https://registry.npmjs.org/jstransform/-/jstransform-10.1.0.tgz",
              "resolved": "https://registry.npmjs.org/jstransform/-/jstransform-10.1.0.tgz",
              "dependencies": {
                "base62": {
                  "version": "0.1.1",
                  "from": "https://registry.npmjs.org/base62/-/base62-0.1.1.tgz",
                  "resolved": "https://registry.npmjs.org/base62/-/base62-0.1.1.tgz"
                },
                "esprima-fb": {
                  "version": "13001.1001.0-dev-harmony-fb",
                  "from": "https://registry.npmjs.org/esprima-fb/-/esprima-fb-13001.1001.0-dev-harmony-fb.tgz",
                  "resolved": "https://registry.npmjs.org/esprima-fb/-/esprima-fb-13001.1001.0-dev-harmony-fb.tgz"
                },
                "source-map": {
                  "version": "0.1.31",
                  "from": "https://registry.npmjs.org/source-map/-/source-map-0.1.31.tgz",
                  "resolved": "https://registry.npmjs.org/source-map/-/source-map-0.1.31.tgz",
                  "dependencies": {
                    "amdefine": {
                      "version": "0.1.0",
                      "from": "https://registry.npmjs.org/amdefine/-/amdefine-0.1.0.tgz",
                      "resolved": "https://registry.npmjs.org/amdefine/-/amdefine-0.1.0.tgz"
                    }
                  }
                }
              }
            }
          }
        }
      }
    },
    "react-router": {
      "version": "0.13.2",
      "from": "https://registry.npmjs.org/react-router/-/react-router-0.13.2.tgz",
      "resolved": "https://registry.npmjs.org/react-router/-/react-router-0.13.2.tgz",
      "dependencies": {
        "qs": {
          "version": "2.4.1",
          "from": "https://registry.npmjs.org/qs/-/qs-2.4.1.tgz",
          "resolved": "https://registry.npmjs.org/qs/-/qs-2.4.1.tgz"
        },
        "classnames": {
          "version": "1.1.4",
          "from": "https://registry.npmjs.org/classnames/-/classnames-1.1.4.tgz",
          "resolved": "https://registry.npmjs.org/classnames/-/classnames-1.1.4.tgz"
        },
        "object-assign": {
          "version": "2.0.0",
          "from": "https://registry.npmjs.org/object-assign/-/object-assign-2.0.0.tgz",
          "resolved": "https://registry.npmjs.org/object-assign/-/object-assign-2.0.0.tgz"
        }
      }
    }
  }
}
