{
  "name": "close-your-issues",
  "version": "0.1.4",
  "dependencies": {
    "axios": {
      "version": "0.5.4",
      "from": "axios@^0.5.4",
      "resolved": "https://registry.npmjs.org/axios/-/axios-0.5.4.tgz",
      "dependencies": {
        "es6-promise": {
          "version": "2.1.1",
          "from": "es6-promise@^2.0.1",
          "resolved": "https://registry.npmjs.org/es6-promise/-/es6-promise-2.1.1.tgz"
        }
      }
    },
    "babel-runtime": {
      "version": "5.2.17",
      "from": "babel-runtime@^5.1.11",
      "resolved": "https://registry.npmjs.org/babel-runtime/-/babel-runtime-5.2.17.tgz"
    },
    "bootstrap": {
      "version": "3.3.4",
      "from": "bootstrap@^3.3.4",
      "resolved": "https://registry.npmjs.org/bootstrap/-/bootstrap-3.3.4.tgz"
    },
    "classnames": {
      "version": "2.1.1",
      "from": "classnames@^2.0.0",
      "resolved": "https://registry.npmjs.org/classnames/-/classnames-2.1.1.tgz"
    },
    "core-js": {
      "version": "0.9.8",
      "from": "core-js@^0.9.3",
      "resolved": "https://registry.npmjs.org/core-js/-/core-js-0.9.8.tgz"
    },
    "file-loader": {
      "version": "0.8.1",
      "from": "file-loader@*",
      "resolved": "https://registry.npmjs.org/file-loader/-/file-loader-0.8.1.tgz",
      "dependencies": {
        "loader-utils": {
          "version": "0.2.7",
          "from": "loader-utils@~0.2.5",
          "resolved": "https://registry.npmjs.org/loader-utils/-/loader-utils-0.2.7.tgz",
          "dependencies": {
            "json5": {
              "version": "0.1.0",
              "from": "json5@0.1.x",
              "resolved": "https://registry.npmjs.org/json5/-/json5-0.1.0.tgz"
            },
            "big.js": {
              "version": "2.5.1",
              "from": "big.js@~2.5.1",
              "resolved": "https://registry.npmjs.org/big.js/-/big.js-2.5.1.tgz"
            }
          }
        }
      }
    },
    "flummox": {
      "version": "3.5.2",
      "from": "flummox@^3.5.2",
      "resolved": "https://registry.npmjs.org/flummox/-/flummox-3.5.2.tgz",
      "dependencies": {
        "eventemitter3": {
          "version": "0.1.6",
          "from": "eventemitter3@~0.1.6",
          "resolved": "https://registry.npmjs.org/eventemitter3/-/eventemitter3-0.1.6.tgz"
        },
        "flux": {
          "version": "2.0.3",
          "from": "flux@~2.0.1",
          "resolved": "https://registry.npmjs.org/flux/-/flux-2.0.3.tgz"
        },
        "object-assign": {
          "version": "2.0.0",
          "from": "object-assign@~2.0.0",
          "resolved": "https://registry.npmjs.org/object-assign/-/object-assign-2.0.0.tgz"
        },
        "uniqueid": {
          "version": "0.1.0",
          "from": "uniqueid@~0.1.0",
          "resolved": "https://registry.npmjs.org/uniqueid/-/uniqueid-0.1.0.tgz"
        }
      }
    },
    "font-awesome": {
      "version": "4.3.0",
      "from": "font-awesome@^4.3.0",
      "resolved": "https://registry.npmjs.org/font-awesome/-/font-awesome-4.3.0.tgz"
    },
    "formsy-react": {
      "version": "0.13.1",
      "from": "formsy-react@^0.13.0",
      "resolved": "https://registry.npmjs.org/formsy-react/-/formsy-react-0.13.1.tgz"
    },
    "github-url-to-object": {
      "version": "1.5.2",
      "from": "github-url-to-object@^1.5.2",
      "resolved": "https://registry.npmjs.org/github-url-to-object/-/github-url-to-object-1.5.2.tgz",
      "dependencies": {
        "is-url": {
          "version": "1.2.0",
          "from": "is-url@^1.1.0",
          "resolved": "https://registry.npmjs.org/is-url/-/is-url-1.2.0.tgz"
        }
      }
    },
    "immutable": {
      "version": "3.7.2",
      "from": "immutable@^3.6.4",
      "resolved": "https://registry.npmjs.org/immutable/-/immutable-3.7.2.tgz"
    },
    "lodash": {
      "version": "3.8.0",
      "from": "lodash@^3.8.0",
      "resolved": "https://registry.npmjs.org/lodash/-/lodash-3.8.0.tgz"
    },
    "lovefield": {
      "version": "2.0.51",
      "from": "lovefield@^2.0.49",
      "resolved": "https://registry.npmjs.org/lovefield/-/lovefield-2.0.51.tgz",
      "dependencies": {
        "js-yaml": {
          "version": "3.1.0",
          "from": "js-yaml@~3.1.0",
          "resolved": "https://registry.npmjs.org/js-yaml/-/js-yaml-3.1.0.tgz",
          "dependencies": {
            "argparse": {
              "version": "0.1.16",
              "from": "argparse@~ 0.1.11",
              "resolved": "https://registry.npmjs.org/argparse/-/argparse-0.1.16.tgz",
              "dependencies": {
                "underscore": {
                  "version": "1.7.0",
                  "from": "underscore@~1.7.0",
                  "resolved": "https://registry.npmjs.org/underscore/-/underscore-1.7.0.tgz"
                },
                "underscore.string": {
                  "version": "2.4.0",
                  "from": "underscore.string@~2.4.0",
                  "resolved": "https://registry.npmjs.org/underscore.string/-/underscore.string-2.4.0.tgz"
                }
              }
            },
            "esprima": {
              "version": "1.0.4",
              "from": "esprima@~ 1.0.2",
              "resolved": "https://registry.npmjs.org/esprima/-/esprima-1.0.4.tgz"
            }
          }
        },
        "nopt": {
          "version": "2.2.1",
          "from": "nopt@~2.2.1",
          "resolved": "https://registry.npmjs.org/nopt/-/nopt-2.2.1.tgz",
          "dependencies": {
            "abbrev": {
              "version": "1.0.5",
              "from": "abbrev@1",
              "resolved": "https://registry.npmjs.org/abbrev/-/abbrev-1.0.5.tgz"
            }
          }
        }
      }
    },
    "make-error": {
      "version": "1.0.2",
      "from": "make-error@^1.0.2",
      "resolved": "https://registry.npmjs.org/make-error/-/make-error-1.0.2.tgz"
    },
    "moment": {
      "version": "2.10.2",
      "from": "moment@^2.10.2",
      "resolved": "https://registry.npmjs.org/moment/-/moment-2.10.2.tgz"
    },
    "node-libs-browser": {
      "version": "0.5.0",
      "from": "node-libs-browser@>= 0.4.0 <=0.5.0",
      "resolved": "https://registry.npmjs.org/node-libs-browser/-/node-libs-browser-0.5.0.tgz",
      "dependencies": {
        "assert": {
          "version": "1.3.0",
          "from": "assert@^1.1.1",
          "resolved": "https://registry.npmjs.org/assert/-/assert-1.3.0.tgz"
        },
        "browserify-zlib": {
          "version": "0.1.4",
          "from": "browserify-zlib@~0.1.4",
          "resolved": "https://registry.npmjs.org/browserify-zlib/-/browserify-zlib-0.1.4.tgz",
          "dependencies": {
            "pako": {
              "version": "0.2.6",
              "from": "pako@~0.2.0",
              "resolved": "https://registry.npmjs.org/pako/-/pako-0.2.6.tgz"
            }
          }
        },
        "buffer": {
          "version": "3.2.2",
          "from": "buffer@^3.0.3",
          "resolved": "https://registry.npmjs.org/buffer/-/buffer-3.2.2.tgz",
          "dependencies": {
            "base64-js": {
              "version": "0.0.8",
              "from": "base64-js@0.0.8",
              "resolved": "https://registry.npmjs.org/base64-js/-/base64-js-0.0.8.tgz"
            },
            "ieee754": {
              "version": "1.1.5",
              "from": "ieee754@^1.1.4",
              "resolved": "https://registry.npmjs.org/ieee754/-/ieee754-1.1.5.tgz"
            },
            "is-array": {
              "version": "1.0.1",
              "from": "is-array@^1.0.1",
              "resolved": "https://registry.npmjs.org/is-array/-/is-array-1.0.1.tgz"
            }
          }
        },
        "console-browserify": {
          "version": "1.1.0",
          "from": "console-browserify@^1.1.0",
          "resolved": "https://registry.npmjs.org/console-browserify/-/console-browserify-1.1.0.tgz",
          "dependencies": {
            "date-now": {
              "version": "0.1.4",
              "from": "date-now@^0.1.4",
              "resolved": "https://registry.npmjs.org/date-now/-/date-now-0.1.4.tgz"
            }
          }
        },
        "constants-browserify": {
          "version": "0.0.1",
          "from": "constants-browserify@0.0.1",
          "resolved": "https://registry.npmjs.org/constants-browserify/-/constants-browserify-0.0.1.tgz"
        },
        "crypto-browserify": {
          "version": "3.2.8",
          "from": "crypto-browserify@~3.2.6",
          "resolved": "https://registry.npmjs.org/crypto-browserify/-/crypto-browserify-3.2.8.tgz",
          "dependencies": {
            "pbkdf2-compat": {
              "version": "2.0.1",
              "from": "pbkdf2-compat@2.0.1",
              "resolved": "https://registry.npmjs.org/pbkdf2-compat/-/pbkdf2-compat-2.0.1.tgz"
            },
            "ripemd160": {
              "version": "0.2.0",
              "from": "ripemd160@0.2.0",
              "resolved": "https://registry.npmjs.org/ripemd160/-/ripemd160-0.2.0.tgz"
            },
            "sha.js": {
              "version": "2.2.6",
              "from": "sha.js@2.2.6",
              "resolved": "https://registry.npmjs.org/sha.js/-/sha.js-2.2.6.tgz"
            }
          }
        },
        "domain-browser": {
          "version": "1.1.4",
          "from": "domain-browser@^1.1.1",
          "resolved": "https://registry.npmjs.org/domain-browser/-/domain-browser-1.1.4.tgz"
        },
        "events": {
          "version": "1.0.2",
          "from": "events@^1.0.0",
          "resolved": "https://registry.npmjs.org/events/-/events-1.0.2.tgz"
        },
        "http-browserify": {
          "version": "1.7.0",
          "from": "http-browserify@^1.3.2",
          "resolved": "https://registry.npmjs.org/http-browserify/-/http-browserify-1.7.0.tgz",
          "dependencies": {
            "Base64": {
              "version": "0.2.1",
              "from": "Base64@~0.2.0",
              "resolved": "https://registry.npmjs.org/Base64/-/Base64-0.2.1.tgz"
            },
            "inherits": {
              "version": "2.0.1",
              "from": "inherits@2.0.1",
              "resolved": "https://registry.npmjs.org/inherits/-/inherits-2.0.1.tgz"
            }
          }
        },
        "https-browserify": {
          "version": "0.0.0",
          "from": "https-browserify@0.0.0",
          "resolved": "https://registry.npmjs.org/https-browserify/-/https-browserify-0.0.0.tgz"
        },
        "os-browserify": {
          "version": "0.1.2",
          "from": "os-browserify@~0.1.2",
          "resolved": "https://registry.npmjs.org/os-browserify/-/os-browserify-0.1.2.tgz"
        },
        "path-browserify": {
          "version": "0.0.0",
          "from": "path-browserify@0.0.0",
          "resolved": "https://registry.npmjs.org/path-browserify/-/path-browserify-0.0.0.tgz"
        },
        "process": {
          "version": "0.11.0",
          "from": "process@^0.11.0",
          "resolved": "https://registry.npmjs.org/process/-/process-0.11.0.tgz"
        },
        "punycode": {
          "version": "1.3.2",
          "from": "punycode@^1.2.4",
          "resolved": "https://registry.npmjs.org/punycode/-/punycode-1.3.2.tgz"
        },
        "querystring-es3": {
          "version": "0.2.1",
          "from": "querystring-es3@~0.2.0",
          "resolved": "https://registry.npmjs.org/querystring-es3/-/querystring-es3-0.2.1.tgz"
        },
        "readable-stream": {
          "version": "1.1.13",
          "from": "readable-stream@^1.1.13",
          "resolved": "https://registry.npmjs.org/readable-stream/-/readable-stream-1.1.13.tgz",
          "dependencies": {
            "core-util-is": {
              "version": "1.0.1",
              "from": "core-util-is@~1.0.0",
              "resolved": "https://registry.npmjs.org/core-util-is/-/core-util-is-1.0.1.tgz"
            },
            "isarray": {
              "version": "0.0.1",
              "from": "isarray@0.0.1",
              "resolved": "https://registry.npmjs.org/isarray/-/isarray-0.0.1.tgz"
            },
            "inherits": {
              "version": "2.0.1",
              "from": "inherits@~2.0.1",
              "resolved": "https://registry.npmjs.org/inherits/-/inherits-2.0.1.tgz"
            }
          }
        },
        "stream-browserify": {
          "version": "1.0.0",
          "from": "stream-browserify@^1.0.0",
          "resolved": "https://registry.npmjs.org/stream-browserify/-/stream-browserify-1.0.0.tgz",
          "dependencies": {
            "inherits": {
              "version": "2.0.1",
              "from": "inherits@~2.0.1",
              "resolved": "https://registry.npmjs.org/inherits/-/inherits-2.0.1.tgz"
            }
          }
        },
        "string_decoder": {
          "version": "0.10.31",
          "from": "string_decoder@~0.10.25",
          "resolved": "https://registry.npmjs.org/string_decoder/-/string_decoder-0.10.31.tgz"
        },
        "timers-browserify": {
          "version": "1.4.1",
          "from": "timers-browserify@^1.0.1",
          "resolved": "https://registry.npmjs.org/timers-browserify/-/timers-browserify-1.4.1.tgz"
        },
        "tty-browserify": {
          "version": "0.0.0",
          "from": "tty-browserify@0.0.0",
          "resolved": "https://registry.npmjs.org/tty-browserify/-/tty-browserify-0.0.0.tgz"
        },
        "url": {
          "version": "0.10.3",
          "from": "url@~0.10.1",
          "resolved": "https://registry.npmjs.org/url/-/url-0.10.3.tgz",
          "dependencies": {
            "querystring": {
              "version": "0.2.0",
              "from": "querystring@0.2.0",
              "resolved": "https://registry.npmjs.org/querystring/-/querystring-0.2.0.tgz"
            }
          }
        },
        "util": {
          "version": "0.10.3",
          "from": "util@~0.10.3",
          "resolved": "https://registry.npmjs.org/util/-/util-0.10.3.tgz",
          "dependencies": {
            "inherits": {
              "version": "2.0.1",
              "from": "inherits@2.0.1",
              "resolved": "https://registry.npmjs.org/inherits/-/inherits-2.0.1.tgz"
            }
          }
        },
        "vm-browserify": {
          "version": "0.0.4",
          "from": "vm-browserify@0.0.4",
          "resolved": "https://registry.npmjs.org/vm-browserify/-/vm-browserify-0.0.4.tgz",
          "dependencies": {
            "indexof": {
              "version": "0.0.1",
              "from": "indexof@0.0.1",
              "resolved": "https://registry.npmjs.org/indexof/-/indexof-0.0.1.tgz"
            }
          }
        }
      }
    },
    "octicons": {
      "version": "2.2.0",
      "from": "octicons@^2.2.0",
      "resolved": "https://registry.npmjs.org/octicons/-/octicons-2.2.0.tgz"
    },
    "parse-link-header": {
      "version": "0.2.0",
      "from": "parse-link-header@^0.2.0",
      "resolved": "https://registry.npmjs.org/parse-link-header/-/parse-link-header-0.2.0.tgz",
      "dependencies": {
        "xtend": {
          "version": "4.0.0",
          "from": "xtend@~4.0.0",
          "resolved": "https://registry.npmjs.org/xtend/-/xtend-4.0.0.tgz"
        }
      }
    },
    "react": {
      "version": "0.13.3",
      "from": "react@^0.13.2",
      "resolved": "https://registry.npmjs.org/react/-/react-0.13.3.tgz",
      "dependencies": {
        "envify": {
          "version": "3.4.0",
          "from": "envify@^3.0.0",
          "resolved": "https://registry.npmjs.org/envify/-/envify-3.4.0.tgz",
          "dependencies": {
            "through": {
              "version": "2.3.7",
              "from": "through@~2.3.4",
              "resolved": "https://registry.npmjs.org/through/-/through-2.3.7.tgz"
            },
            "jstransform": {
              "version": "10.1.0",
              "from": "jstransform@^10.0.1",
              "resolved": "https://registry.npmjs.org/jstransform/-/jstransform-10.1.0.tgz",
              "dependencies": {
                "base62": {
                  "version": "0.1.1",
                  "from": "base62@0.1.1",
                  "resolved": "https://registry.npmjs.org/base62/-/base62-0.1.1.tgz"
                },
                "esprima-fb": {
                  "version": "13001.1001.0-dev-harmony-fb",
                  "from": "esprima-fb@13001.1001.0-dev-harmony-fb",
                  "resolved": "https://registry.npmjs.org/esprima-fb/-/esprima-fb-13001.1001.0-dev-harmony-fb.tgz"
                },
                "source-map": {
                  "version": "0.1.31",
                  "from": "source-map@0.1.31",
                  "resolved": "https://registry.npmjs.org/source-map/-/source-map-0.1.31.tgz",
                  "dependencies": {
                    "amdefine": {
                      "version": "0.1.0",
                      "from": "amdefine@>=0.0.4",
                      "resolved": "https://registry.npmjs.org/amdefine/-/amdefine-0.1.0.tgz"
                    }
                  }
                }
              }
            }
          }
        }
      }
    },
    "react-router": {
      "version": "0.13.3",
      "from": "react-router@^0.13.2",
      "resolved": "https://registry.npmjs.org/react-router/-/react-router-0.13.3.tgz",
      "dependencies": {
        "object-assign": {
          "version": "2.0.0",
          "from": "object-assign@^2.0.0",
          "resolved": "https://registry.npmjs.org/object-assign/-/object-assign-2.0.0.tgz"
        },
        "qs": {
          "version": "2.4.1",
          "from": "qs@2.4.1",
          "resolved": "https://registry.npmjs.org/qs/-/qs-2.4.1.tgz"
        }
      }
    },
    "uri-templates": {
      "version": "0.1.7",
      "from": "uri-templates@^0.1.7",
      "resolved": "https://registry.npmjs.org/uri-templates/-/uri-templates-0.1.7.tgz"
    }
  }
}
